
Microsoft Visual Studio Solution File, Format Version 12.00
# Visual Studio Version 16
VisualStudioVersion = 16.0.30413.136
MinimumVisualStudioVersion = 10.0.40219.1
Project("{FAE04EC0-301F-11D3-BF4B-00C04F79EFBC}") = "AutoAssemblyMaker", "AutoAssemblyMaker\AutoAssemblyMaker.csproj", "{CD8AA986-F9D0-4E04-BFFE-2265F8697B4E}"
EndProject
Global
	GlobalSection(SolutionConfigurationPlatforms) = preSolution
		Debug|Any CPU = Debug|Any CPU
		Release|Any CPU = Release|Any CPU
	EndGlobalSection
	GlobalSection(ProjectConfigurationPlatforms) = postSolution
		{CD8AA986-F9D0-4E04-BFFE-2265F8697B4E}.Debug|Any CPU.ActiveCfg = Debug|Any CPU
		{CD8AA986-F9D0-4E04-BFFE-2265F8697B4E}.Debug|Any CPU.Build.0 = Debug|Any CPU
		{CD8AA986-F9D0-4E04-BFFE-2265F8697B4E}.Release|Any CPU.ActiveCfg = Release|Any CPU
		{CD8AA986-F9D0-4E04-BFFE-2265F8697B4E}.Release|Any CPU.Build.0 = Release|Any CPU
	EndGlobalSection
	GlobalSection(SolutionProperties) = preSolution
		HideSolutionNode = FALSE
	EndGlobalSection
	GlobalSection(ExtensibilityGlobals) = postSolution
		SolutionGuid = {F2755FD9-D606-4B50-B5D7-F22D9066D8D6}
	EndGlobalSection
EndGlobal
